
Microsoft Visual Studio Solution File, Format Version 12.00
# Visual Studio Version 17
VisualStudioVersion = 17.8.34330.188
MinimumVisualStudioVersion = 10.0.40219.1
Project("{9A19103F-16F7-4668-BE54-9A1E7A4F7556}") = "BKGalMgr", "BKGalMgr\BKGalMgr.csproj", "{C1E58844-B92A-4D7B-ACDB-83ED751B2780}"
EndProject
Project("{2150E333-8FDC-42A3-9474-1A3956D46DE8}") = "ThirdParty", "ThirdParty", "{60ACCCB1-688E-4483-9FBC-607416A15C68}"
EndProject
Project("{2150E333-8FDC-42A3-9474-1A3956D46DE8}") = "ShareX", "ShareX", "{3346B9B4-0C1D-4E5B-968A-7134597BAE86}"
EndProject
Project("{9A19103F-16F7-4668-BE54-9A1E7A4F7556}") = "ShareX.HelpersLib", "ThirdParty\ShareX\ShareX.HelpersLib\ShareX.HelpersLib.csproj", "{00DE6135-1474-406A-991B-37A43A53D1FC}"
EndProject
Project("{9A19103F-16F7-4668-BE54-9A1E7A4F7556}") = "ShareX.ImageEffectsLib", "ThirdParty\ShareX\ShareX.ImageEffectsLib\ShareX.ImageEffectsLib.csproj", "{25F24BFD-CA0D-4F18-8EA9-6EA8C216B993}"
EndProject
Project("{9A19103F-16F7-4668-BE54-9A1E7A4F7556}") = "ShareX.MediaLib", "ThirdParty\ShareX\ShareX.MediaLib\ShareX.MediaLib.csproj", "{97BE20AF-11A1-48D6-ABFA-30D9200A6230}"
EndProject
Project("{9A19103F-16F7-4668-BE54-9A1E7A4F7556}") = "ShareX.ScreenCaptureLib", "ThirdParty\ShareX\ShareX.ScreenCaptureLib\ShareX.ScreenCaptureLib.csproj", "{5F0F587B-A7DD-4537-BDCC-66127430803C}"
EndProject
Project("{9A19103F-16F7-4668-BE54-9A1E7A4F7556}") = "BKGalMgr.ThirdParty", "BKGalMgr.ThirdParty\BKGalMgr.ThirdParty.csproj", "{45E67592-E14E-4DA5-97F2-B5994EFEF661}"
EndProject
Global
	GlobalSection(SolutionConfigurationPlatforms) = preSolution
		Debug|Any CPU = Debug|Any CPU
		Debug|x64 = Debug|x64
		Debug|x86 = Debug|x86
		Release|Any CPU = Release|Any CPU
		Release|x64 = Release|x64
		Release|x86 = Release|x86
	EndGlobalSection
	GlobalSection(ProjectConfigurationPlatforms) = postSolution
		{C1E58844-B92A-4D7B-ACDB-83ED751B2780}.Debug|Any CPU.ActiveCfg = Debug|x86
		{C1E58844-B92A-4D7B-ACDB-83ED751B2780}.Debug|Any CPU.Build.0 = Debug|x86
		{C1E58844-B92A-4D7B-ACDB-83ED751B2780}.Debug|x64.ActiveCfg = Debug|x64
		{C1E58844-B92A-4D7B-ACDB-83ED751B2780}.Debug|x64.Build.0 = Debug|x64
		{C1E58844-B92A-4D7B-ACDB-83ED751B2780}.Debug|x64.Deploy.0 = Debug|x64
		{C1E58844-B92A-4D7B-ACDB-83ED751B2780}.Debug|x86.ActiveCfg = Debug|x86
		{C1E58844-B92A-4D7B-ACDB-83ED751B2780}.Debug|x86.Build.0 = Debug|x86
		{C1E58844-B92A-4D7B-ACDB-83ED751B2780}.Debug|x86.Deploy.0 = Debug|x86
		{C1E58844-B92A-4D7B-ACDB-83ED751B2780}.Release|Any CPU.ActiveCfg = Release|x86
		{C1E58844-B92A-4D7B-ACDB-83ED751B2780}.Release|Any CPU.Build.0 = Release|x86
		{C1E58844-B92A-4D7B-ACDB-83ED751B2780}.Release|x64.ActiveCfg = Release|x64
		{C1E58844-B92A-4D7B-ACDB-83ED751B2780}.Release|x64.Build.0 = Release|x64
		{C1E58844-B92A-4D7B-ACDB-83ED751B2780}.Release|x64.Deploy.0 = Release|x64
		{C1E58844-B92A-4D7B-ACDB-83ED751B2780}.Release|x86.ActiveCfg = Release|x86
		{C1E58844-B92A-4D7B-ACDB-83ED751B2780}.Release|x86.Build.0 = Release|x86
		{C1E58844-B92A-4D7B-ACDB-83ED751B2780}.Release|x86.Deploy.0 = Release|x86
		{00DE6135-1474-406A-991B-37A43A53D1FC}.Debug|Any CPU.ActiveCfg = Debug|Any CPU
		{00DE6135-1474-406A-991B-37A43A53D1FC}.Debug|Any CPU.Build.0 = Debug|Any CPU
		{00DE6135-1474-406A-991B-37A43A53D1FC}.Debug|x64.ActiveCfg = Debug|Any CPU
		{00DE6135-1474-406A-991B-37A43A53D1FC}.Debug|x64.Build.0 = Debug|Any CPU
		{00DE6135-1474-406A-991B-37A43A53D1FC}.Debug|x86.ActiveCfg = Debug|Any CPU
		{00DE6135-1474-406A-991B-37A43A53D1FC}.Debug|x86.Build.0 = Debug|Any CPU
		{00DE6135-1474-406A-991B-37A43A53D1FC}.Release|Any CPU.ActiveCfg = Release|Any CPU
		{00DE6135-1474-406A-991B-37A43A53D1FC}.Release|Any CPU.Build.0 = Release|Any CPU
		{00DE6135-1474-406A-991B-37A43A53D1FC}.Release|x64.ActiveCfg = Release|Any CPU
		{00DE6135-1474-406A-991B-37A43A53D1FC}.Release|x64.Build.0 = Release|Any CPU
		{00DE6135-1474-406A-991B-37A43A53D1FC}.Release|x86.ActiveCfg = Release|Any CPU
		{00DE6135-1474-406A-991B-37A43A53D1FC}.Release|x86.Build.0 = Release|Any CPU
		{25F24BFD-CA0D-4F18-8EA9-6EA8C216B993}.Debug|Any CPU.ActiveCfg = Debug|Any CPU
		{25F24BFD-CA0D-4F18-8EA9-6EA8C216B993}.Debug|Any CPU.Build.0 = Debug|Any CPU
		{25F24BFD-CA0D-4F18-8EA9-6EA8C216B993}.Debug|x64.ActiveCfg = Debug|Any CPU
		{25F24BFD-CA0D-4F18-8EA9-6EA8C216B993}.Debug|x64.Build.0 = Debug|Any CPU
		{25F24BFD-CA0D-4F18-8EA9-6EA8C216B993}.Debug|x86.ActiveCfg = Debug|Any CPU
		{25F24BFD-CA0D-4F18-8EA9-6EA8C216B993}.Debug|x86.Build.0 = Debug|Any CPU
		{25F24BFD-CA0D-4F18-8EA9-6EA8C216B993}.Release|Any CPU.ActiveCfg = Release|Any CPU
		{25F24BFD-CA0D-4F18-8EA9-6EA8C216B993}.Release|Any CPU.Build.0 = Release|Any CPU
		{25F24BFD-CA0D-4F18-8EA9-6EA8C216B993}.Release|x64.ActiveCfg = Release|Any CPU
		{25F24BFD-CA0D-4F18-8EA9-6EA8C216B993}.Release|x64.Build.0 = Release|Any CPU
		{25F24BFD-CA0D-4F18-8EA9-6EA8C216B993}.Release|x86.ActiveCfg = Release|Any CPU
		{25F24BFD-CA0D-4F18-8EA9-6EA8C216B993}.Release|x86.Build.0 = Release|Any CPU
		{97BE20AF-11A1-48D6-ABFA-30D9200A6230}.Debug|Any CPU.ActiveCfg = Debug|Any CPU
		{97BE20AF-11A1-48D6-ABFA-30D9200A6230}.Debug|Any CPU.Build.0 = Debug|Any CPU
		{97BE20AF-11A1-48D6-ABFA-30D9200A6230}.Debug|x64.ActiveCfg = Debug|Any CPU
		{97BE20AF-11A1-48D6-ABFA-30D9200A6230}.Debug|x64.Build.0 = Debug|Any CPU
		{97BE20AF-11A1-48D6-ABFA-30D9200A6230}.Debug|x86.ActiveCfg = Debug|Any CPU
		{97BE20AF-11A1-48D6-ABFA-30D9200A6230}.Debug|x86.Build.0 = Debug|Any CPU
		{97BE20AF-11A1-48D6-ABFA-30D9200A6230}.Release|Any CPU.ActiveCfg = Release|Any CPU
		{97BE20AF-11A1-48D6-ABFA-30D9200A6230}.Release|Any CPU.Build.0 = Release|Any CPU
		{97BE20AF-11A1-48D6-ABFA-30D9200A6230}.Release|x64.ActiveCfg = Release|Any CPU
		{97BE20AF-11A1-48D6-ABFA-30D9200A6230}.Release|x64.Build.0 = Release|Any CPU
		{97BE20AF-11A1-48D6-ABFA-30D9200A6230}.Release|x86.ActiveCfg = Release|Any CPU
		{97BE20AF-11A1-48D6-ABFA-30D9200A6230}.Release|x86.Build.0 = Release|Any CPU
		{5F0F587B-A7DD-4537-BDCC-66127430803C}.Debug|Any CPU.ActiveCfg = Debug|Any CPU
		{5F0F587B-A7DD-4537-BDCC-66127430803C}.Debug|Any CPU.Build.0 = Debug|Any CPU
		{5F0F587B-A7DD-4537-BDCC-66127430803C}.Debug|x64.ActiveCfg = Debug|Any CPU
		{5F0F587B-A7DD-4537-BDCC-66127430803C}.Debug|x64.Build.0 = Debug|Any CPU
		{5F0F587B-A7DD-4537-BDCC-66127430803C}.Debug|x86.ActiveCfg = Debug|Any CPU
		{5F0F587B-A7DD-4537-BDCC-66127430803C}.Debug|x86.Build.0 = Debug|Any CPU
		{5F0F587B-A7DD-4537-BDCC-66127430803C}.Release|Any CPU.ActiveCfg = Release|Any CPU
		{5F0F587B-A7DD-4537-BDCC-66127430803C}.Release|Any CPU.Build.0 = Release|Any CPU
		{5F0F587B-A7DD-4537-BDCC-66127430803C}.Release|x64.ActiveCfg = Release|Any CPU
		{5F0F587B-A7DD-4537-BDCC-66127430803C}.Release|x64.Build.0 = Release|Any CPU
		{5F0F587B-A7DD-4537-BDCC-66127430803C}.Release|x86.ActiveCfg = Release|Any CPU
		{5F0F587B-A7DD-4537-BDCC-66127430803C}.Release|x86.Build.0 = Release|Any CPU
		{45E67592-E14E-4DA5-97F2-B5994EFEF661}.Debug|Any CPU.ActiveCfg = Debug|Any CPU
		{45E67592-E14E-4DA5-97F2-B5994EFEF661}.Debug|Any CPU.Build.0 = Debug|Any CPU
		{45E67592-E14E-4DA5-97F2-B5994EFEF661}.Debug|x64.ActiveCfg = Debug|Any CPU
		{45E67592-E14E-4DA5-97F2-B5994EFEF661}.Debug|x64.Build.0 = Debug|Any CPU
		{45E67592-E14E-4DA5-97F2-B5994EFEF661}.Debug|x86.ActiveCfg = Debug|Any CPU
		{45E67592-E14E-4DA5-97F2-B5994EFEF661}.Debug|x86.Build.0 = Debug|Any CPU
		{45E67592-E14E-4DA5-97F2-B5994EFEF661}.Release|Any CPU.ActiveCfg = Release|Any CPU
		{45E67592-E14E-4DA5-97F2-B5994EFEF661}.Release|Any CPU.Build.0 = Release|Any CPU
		{45E67592-E14E-4DA5-97F2-B5994EFEF661}.Release|x64.ActiveCfg = Release|Any CPU
		{45E67592-E14E-4DA5-97F2-B5994EFEF661}.Release|x64.Build.0 = Release|Any CPU
		{45E67592-E14E-4DA5-97F2-B5994EFEF661}.Release|x86.ActiveCfg = Release|Any CPU
		{45E67592-E14E-4DA5-97F2-B5994EFEF661}.Release|x86.Build.0 = Release|Any CPU
	EndGlobalSection
	GlobalSection(SolutionProperties) = preSolution
		HideSolutionNode = FALSE
	EndGlobalSection
	GlobalSection(NestedProjects) = preSolution
		{3346B9B4-0C1D-4E5B-968A-7134597BAE86} = {60ACCCB1-688E-4483-9FBC-607416A15C68}
		{00DE6135-1474-406A-991B-37A43A53D1FC} = {3346B9B4-0C1D-4E5B-968A-7134597BAE86}
		{25F24BFD-CA0D-4F18-8EA9-6EA8C216B993} = {3346B9B4-0C1D-4E5B-968A-7134597BAE86}
		{97BE20AF-11A1-48D6-ABFA-30D9200A6230} = {3346B9B4-0C1D-4E5B-968A-7134597BAE86}
		{5F0F587B-A7DD-4537-BDCC-66127430803C} = {3346B9B4-0C1D-4E5B-968A-7134597BAE86}
	EndGlobalSection
	GlobalSection(ExtensibilityGlobals) = postSolution
		SolutionGuid = {3775FDC1-75FD-4F64-B84B-31A63B92CD97}
	EndGlobalSection
EndGlobal
